// !$*UTF8*$!
{
	archiveVersion = 1;
	classes = {
	};
	objectVersion = 48;
	objects = {

/* Begin PBXBuildFile section */
		74B3D7DA1FA7F85100FAC105 /* AppDelegate.m in Sources */ = {isa = PBXBuildFile; fileRef = 74B3D7D91FA7F85100FAC105 /* AppDelegate.m */; };
		74B3D7DD1FA7F85100FAC105 /* ViewController.m in Sources */ = {isa = PBXBuildFile; fileRef = 74B3D7DC1FA7F85100FAC105 /* ViewController.m */; };
		74B3D7E01FA7F85100FAC105 /* Main.storyboard in Resources */ = {isa = PBXBuildFile; fileRef = 74B3D7DE1FA7F85100FAC105 /* Main.storyboard */; };
		74B3D7E21FA7F85100FAC105 /* Assets.xcassets in Resources */ = {isa = PBXBuildFile; fileRef = 74B3D7E11FA7F85100FAC105 /* Assets.xcassets */; };
		74B3D7E51FA7F85100FAC105 /* LaunchScreen.storyboard in Resources */ = {isa = PBXBuildFile; fileRef = 74B3D7E31FA7F85100FAC105 /* LaunchScreen.storyboard */; };
		74B3D7E81FA7F85100FAC105 /* main.m in Sources */ = {isa = PBXBuildFile; fileRef = 74B3D7E71FA7F85100FAC105 /* main.m */; };
		74B3D7F21FA7F85100FAC105 /* PGGCarouselTests.m in Sources */ = {isa = PBXBuildFile; fileRef = 74B3D7F11FA7F85100FAC105 /* PGGCarouselTests.m */; };
		74B3D7FD1FA7F85100FAC105 /* PGGCarouselUITests.m in Sources */ = {isa = PBXBuildFile; fileRef = 74B3D7FC1FA7F85100FAC105 /* PGGCarouselUITests.m */; };
/* End PBXBuildFile section */

/* Begin PBXContainerItemProxy section */
		74B3D7EE1FA7F85100FAC105 /* PBXContainerItemProxy */ = {
			isa = PBXContainerItemProxy;
			containerPortal = 74B3D7CD1FA7F85100FAC105 /* Project object */;
			proxyType = 1;
			remoteGlobalIDString = 74B3D7D41FA7F85100FAC105;
			remoteInfo = PGGCarousel;
		};
		74B3D7F91FA7F85100FAC105 /* PBXContainerItemProxy */ = {
			isa = PBXContainerItemProxy;
			containerPortal = 74B3D7CD1FA7F85100FAC105 /* Project object */;
			proxyType = 1;
			remoteGlobalIDString = 74B3D7D41FA7F85100FAC105;
			remoteInfo = PGGCarousel;
		};
/* End PBXContainerItemProxy section */

/* Begin PBXFileReference section */
		74B3D7D51FA7F85100FAC105 /* PGGCarousel.app */ = {isa = PBXFileReference; explicitFileType = wrapper.application; includeInIndex = 0; path = PGGCarousel.app; sourceTree = BUILT_PRODUCTS_DIR; };
		74B3D7D81FA7F85100FAC105 /* AppDelegate.h */ = {isa = PBXFileReference; lastKnownFileType = sourcecode.c.h; path = AppDelegate.h; sourceTree = "<group>"; };
		74B3D7D91FA7F85100FAC105 /* AppDelegate.m */ = {isa = PBXFileReference; lastKnownFileType = sourcecode.c.objc; path = AppDelegate.m; sourceTree = "<group>"; };
		74B3D7DB1FA7F85100FAC105 /* ViewController.h */ = {isa = PBXFileReference; lastKnownFileType = sourcecode.c.h; path = ViewController.h; sourceTree = "<group>"; };
		74B3D7DC1FA7F85100FAC105 /* ViewController.m */ = {isa = PBXFileReference; lastKnownFileType = sourcecode.c.objc; path = ViewController.m; sourceTree = "<group>"; };
		74B3D7DF1FA7F85100FAC105 /* Base */ = {isa = PBXFileReference; lastKnownFileType = file.storyboard; name = Base; path = Base.lproj/Main.storyboard; sourceTree = "<group>"; };
		74B3D7E11FA7F85100FAC105 /* Assets.xcassets */ = {isa = PBXFileReference; lastKnownFileType = folder.assetcatalog; path = Assets.xcassets; sourceTree = "<group>"; };
		74B3D7E41FA7F85100FAC105 /* Base */ = {isa = PBXFileReference; lastKnownFileType = file.storyboard; name = Base; path = Base.lproj/LaunchScreen.storyboard; sourceTree = "<group>"; };
		74B3D7E61FA7F85100FAC105 /* Info.plist */ = {isa = PBXFileReference; lastKnownFileType = text.plist.xml; path = Info.plist; sourceTree = "<group>"; };
		74B3D7E71FA7F85100FAC105 /* main.m */ = {isa = PBXFileReference; lastKnownFileType = sourcecode.c.objc; path = main.m; sourceTree = "<group>"; };
		74B3D7ED1FA7F85100FAC105 /* PGGCarouselTests.xctest */ = {isa = PBXFileReference; explicitFileType = wrapper.cfbundle; includeInIndex = 0; path = PGGCarouselTests.xctest; sourceTree = BUILT_PRODUCTS_DIR; };
		74B3D7F11FA7F85100FAC105 /* PGGCarouselTests.m */ = {isa = PBXFileReference; lastKnownFileType = sourcecode.c.objc; path = PGGCarouselTests.m; sourceTree = "<group>"; };
		74B3D7F31FA7F85100FAC105 /* Info.plist */ = {isa = PBXFileReference; lastKnownFileType = text.plist.xml; path = Info.plist; sourceTree = "<group>"; };
		74B3D7F81FA7F85100FAC105 /* PGGCarouselUITests.xctest */ = {isa = PBXFileReference; explicitFileType = wrapper.cfbundle; includeInIndex = 0; path = PGGCarouselUITests.xctest; sourceTree = BUILT_PRODUCTS_DIR; };
		74B3D7FC1FA7F85100FAC105 /* PGGCarouselUITests.m */ = {isa = PBXFileReference; lastKnownFileType = sourcecode.c.objc; path = PGGCarouselUITests.m; sourceTree = "<group>"; };
		74B3D7FE1FA7F85100FAC105 /* Info.plist */ = {isa = PBXFileReference; lastKnownFileType = text.plist.xml; path = Info.plist; sourceTree = "<group>"; };
/* End PBXFileReference section */

/* Begin PBXFrameworksBuildPhase section */
		74B3D7D21FA7F85100FAC105 /* Frameworks */ = {
			isa = PBXFrameworksBuildPhase;
			buildActionMask = 2147483647;
			files = (
			);
			runOnlyForDeploymentPostprocessing = 0;
		};
		74B3D7EA1FA7F85100FAC105 /* Frameworks */ = {
			isa = PBXFrameworksBuildPhase;
			buildActionMask = 2147483647;
			files = (
			);
			runOnlyForDeploymentPostprocessing = 0;
		};
		74B3D7F51FA7F85100FAC105 /* Frameworks */ = {
			isa = PBXFrameworksBuildPhase;
			buildActionMask = 2147483647;
			files = (
			);
			runOnlyForDeploymentPostprocessing = 0;
		};
/* End PBXFrameworksBuildPhase section */

/* Begin PBXGroup section */
		74B3D7CC1FA7F85100FAC105 = {
			isa = PBXGroup;
			children = (
				74B3D7D71FA7F85100FAC105 /* PGGCarousel */,
				74B3D7F01FA7F85100FAC105 /* PGGCarouselTests */,
				74B3D7FB1FA7F85100FAC105 /* PGGCarouselUITests */,
				74B3D7D61FA7F85100FAC105 /* Products */,
			);
			sourceTree = "<group>";
		};
		74B3D7D61FA7F85100FAC105 /* Products */ = {
			isa = PBXGroup;
			children = (
				74B3D7D51FA7F85100FAC105 /* PGGCarousel.app */,
				74B3D7ED1FA7F85100FAC105 /* PGGCarouselTests.xctest */,
				74B3D7F81FA7F85100FAC105 /* PGGCarouselUITests.xctest */,
			);
			name = Products;
			sourceTree = "<group>";
		};
		74B3D7D71FA7F85100FAC105 /* PGGCarousel */ = {
			isa = PBXGroup;
			children = (
				74B3D7D81FA7F85100FAC105 /* AppDelegate.h */,
				74B3D7D91FA7F85100FAC105 /* AppDelegate.m */,
				74B3D7DB1FA7F85100FAC105 /* ViewController.h */,
				74B3D7DC1FA7F85100FAC105 /* ViewController.m */,
				74B3D7DE1FA7F85100FAC105 /* Main.storyboard */,
				74B3D7E11FA7F85100FAC105 /* Assets.xcassets */,
				74B3D7E31FA7F85100FAC105 /* LaunchScreen.storyboard */,
				74B3D7E61FA7F85100FAC105 /* Info.plist */,
				74B3D7E71FA7F85100FAC105 /* main.m */,
			);
			path = PGGCarousel;
			sourceTree = "<group>";
		};
		74B3D7F01FA7F85100FAC105 /* PGGCarouselTests */ = {
			isa = PBXGroup;
			children = (
				74B3D7F11FA7F85100FAC105 /* PGGCarouselTests.m */,
				74B3D7F31FA7F85100FAC105 /* Info.plist */,
			);
			path = PGGCarouselTests;
			sourceTree = "<group>";
		};
		74B3D7FB1FA7F85100FAC105 /* PGGCarouselUITests */ = {
			isa = PBXGroup;
			children = (
				74B3D7FC1FA7F85100FAC105 /* PGGCarouselUITests.m */,
				74B3D7FE1FA7F85100FAC105 /* Info.plist */,
			);
			path = PGGCarouselUITests;
			sourceTree = "<group>";
		};
/* End PBXGroup section */

/* Begin PBXNativeTarget section */
		74B3D7D41FA7F85100FAC105 /* PGGCarousel */ = {
			isa = PBXNativeTarget;
			buildConfigurationList = 74B3D8011FA7F85100FAC105 /* Build configuration list for PBXNativeTarget "PGGCarousel" */;
			buildPhases = (
				74B3D7D11FA7F85100FAC105 /* Sources */,
				74B3D7D21FA7F85100FAC105 /* Frameworks */,
				74B3D7D31FA7F85100FAC105 /* Resources */,
			);
			buildRules = (
			);
			dependencies = (
			);
			name = PGGCarousel;
			productName = PGGCarousel;
			productReference = 74B3D7D51FA7F85100FAC105 /* PGGCarousel.app */;
			productType = "com.apple.product-type.application";
		};
		74B3D7EC1FA7F85100FAC105 /* PGGCarouselTests */ = {
			isa = PBXNativeTarget;
			buildConfigurationList = 74B3D8041FA7F85100FAC105 /* Build configuration list for PBXNativeTarget "PGGCarouselTests" */;
			buildPhases = (
				74B3D7E91FA7F85100FAC105 /* Sources */,
				74B3D7EA1FA7F85100FAC105 /* Frameworks */,
				74B3D7EB1FA7F85100FAC105 /* Resources */,
			);
			buildRules = (
			);
			dependencies = (
				74B3D7EF1FA7F85100FAC105 /* PBXTargetDependency */,
			);
			name = PGGCarouselTests;
			productName = PGGCarouselTests;
			productReference = 74B3D7ED1FA7F85100FAC105 /* PGGCarouselTests.xctest */;
			productType = "com.apple.product-type.bundle.unit-test";
		};
		74B3D7F71FA7F85100FAC105 /* PGGCarouselUITests */ = {
			isa = PBXNativeTarget;
			buildConfigurationList = 74B3D8071FA7F85100FAC105 /* Build configuration list for PBXNativeTarget "PGGCarouselUITests" */;
			buildPhases = (
				74B3D7F41FA7F85100FAC105 /* Sources */,
				74B3D7F51FA7F85100FAC105 /* Frameworks */,
				74B3D7F61FA7F85100FAC105 /* Resources */,
			);
			buildRules = (
			);
			dependencies = (
				74B3D7FA1FA7F85100FAC105 /* PBXTargetDependency */,
			);
			name = PGGCarouselUITests;
			productName = PGGCarouselUITests;
			productReference = 74B3D7F81FA7F85100FAC105 /* PGGCarouselUITests.xctest */;
			productType = "com.apple.product-type.bundle.ui-testing";
		};
/* End PBXNativeTarget section */

/* Begin PBXProject section */
		74B3D7CD1FA7F85100FAC105 /* Project object */ = {
			isa = PBXProject;
			attributes = {
				LastUpgradeCheck = 0900;
				ORGANIZATIONNAME = penggege.CP;
				TargetAttributes = {
					74B3D7D41FA7F85100FAC105 = {
						CreatedOnToolsVersion = 9.0.1;
						ProvisioningStyle = Automatic;
					};
					74B3D7EC1FA7F85100FAC105 = {
						CreatedOnToolsVersion = 9.0.1;
						ProvisioningStyle = Automatic;
						TestTargetID = 74B3D7D41FA7F85100FAC105;
					};
					74B3D7F71FA7F85100FAC105 = {
						CreatedOnToolsVersion = 9.0.1;
						ProvisioningStyle = Automatic;
						TestTargetID = 74B3D7D41FA7F85100FAC105;
					};
				};
			};
			buildConfigurationList = 74B3D7D01FA7F85100FAC105 /* Build configuration list for PBXProject "PGGCarousel" */;
			compatibilityVersion = "Xcode 8.0";
			developmentRegion = en;
			hasScannedForEncodings = 0;
			knownRegions = (
				en,
				Base,
			);
			mainGroup = 74B3D7CC1FA7F85100FAC105;
			productRefGroup = 74B3D7D61FA7F85100FAC105 /* Products */;
			projectDirPath = "";
			projectRoot = "";
			targets = (
				74B3D7D41FA7F85100FAC105 /* PGGCarousel */,
				74B3D7EC1FA7F85100FAC105 /* PGGCarouselTests */,
				74B3D7F71FA7F85100FAC105 /* PGGCarouselUITests */,
			);
		};
/* End PBXProject section */

/* Begin PBXResourcesBuildPhase section */
		74B3D7D31FA7F85100FAC105 /* Resources */ = {
			isa = PBXResourcesBuildPhase;
			buildActionMask = 2147483647;
			files = (
				74B3D7E51FA7F85100FAC105 /* LaunchScreen.storyboard in Resources */,
				74B3D7E21FA7F85100FAC105 /* Assets.xcassets in Resources */,
				74B3D7E01FA7F85100FAC105 /* Main.storyboard in Resources */,
			);
			runOnlyForDeploymentPostprocessing = 0;
		};
		74B3D7EB1FA7F85100FAC105 /* Resources */ = {
			isa = PBXResourcesBuildPhase;
			buildActionMask = 2147483647;
			files = (
			);
			runOnlyForDeploymentPostprocessing = 0;
		};
		74B3D7F61FA7F85100FAC105 /* Resources */ = {
			isa = PBXResourcesBuildPhase;
			buildActionMask = 2147483647;
			files = (
			);
			runOnlyForDeploymentPostprocessing = 0;
		};
/* End PBXResourcesBuildPhase section */

/* Begin PBXSourcesBuildPhase section */
		74B3D7D11FA7F85100FAC105 /* Sources */ = {
			isa = PBXSourcesBuildPhase;
			buildActionMask = 2147483647;
			files = (
				74B3D7DD1FA7F85100FAC105 /* ViewController.m in Sources */,
				74B3D7E81FA7F85100FAC105 /* main.m in Sources */,
				74B3D7DA1FA7F85100FAC105 /* AppDelegate.m in Sources */,
			);
			runOnlyForDeploymentPostprocessing = 0;
		};
		74B3D7E91FA7F85100FAC105 /* Sources */ = {
			isa = PBXSourcesBuildPhase;
			buildActionMask = 2147483647;
			files = (
				74B3D7F21FA7F85100FAC105 /* PGGCarouselTests.m in Sources */,
			);
			runOnlyForDeploymentPostprocessing = 0;
		};
		74B3D7F41FA7F85100FAC105 /* Sources */ = {
			isa = PBXSourcesBuildPhase;
			buildActionMask = 2147483647;
			files = (
				74B3D7FD1FA7F85100FAC105 /* PGGCarouselUITests.m in Sources */,
			);
			runOnlyForDeploymentPostprocessing = 0;
		};
/* End PBXSourcesBuildPhase section */

/* Begin PBXTargetDependency section */
		74B3D7EF1FA7F85100FAC105 /* PBXTargetDependency */ = {
			isa = PBXTargetDependency;
			target = 74B3D7D41FA7F85100FAC105 /* PGGCarousel */;
			targetProxy = 74B3D7EE1FA7F85100FAC105 /* PBXContainerItemProxy */;
		};
		74B3D7FA1FA7F85100FAC105 /* PBXTargetDependency */ = {
			isa = PBXTargetDependency;
			target = 74B3D7D41FA7F85100FAC105 /* PGGCarousel */;
			targetProxy = 74B3D7F91FA7F85100FAC105 /* PBXContainerItemProxy */;
		};
/* End PBXTargetDependency section */

/* Begin PBXVariantGroup section */
		74B3D7DE1FA7F85100FAC105 /* Main.storyboard */ = {
			isa = PBXVariantGroup;
			children = (
				74B3D7DF1FA7F85100FAC105 /* Base */,
			);
			name = Main.storyboard;
			sourceTree = "<group>";
		};
		74B3D7E31FA7F85100FAC105 /* LaunchScreen.storyboard */ = {
			isa = PBXVariantGroup;
			children = (
				74B3D7E41FA7F85100FAC105 /* Base */,
			);
			name = LaunchScreen.storyboard;
			sourceTree = "<group>";
		};
/* End PBXVariantGroup section */

/* Begin XCBuildConfiguration section */
		74B3D7FF1FA7F85100FAC105 /* Debug */ = {
			isa = XCBuildConfiguration;
			buildSettings = {
				ALWAYS_SEARCH_USER_PATHS = NO;
				CLANG_ANALYZER_NONNULL = YES;
				CLANG_ANALYZER_NUMBER_OBJECT_CONVERSION = YES_AGGRESSIVE;
				CLANG_CXX_LANGUAGE_STANDARD = "gnu++14";
				CLANG_CXX_LIBRARY = "libc++";
				CLANG_ENABLE_MODULES = YES;
				CLANG_ENABLE_OBJC_ARC = YES;
				CLANG_WARN_BLOCK_CAPTURE_AUTORELEASING = YES;
				CLANG_WARN_BOOL_CONVERSION = YES;
				CLANG_WARN_COMMA = YES;
				CLANG_WARN_CONSTANT_CONVERSION = YES;
				CLANG_WARN_DIRECT_OBJC_ISA_USAGE = YES_ERROR;
				CLANG_WARN_DOCUMENTATION_COMMENTS = YES;
				CLANG_WARN_EMPTY_BODY = YES;
				CLANG_WARN_ENUM_CONVERSION = YES;
				CLANG_WARN_INFINITE_RECURSION = YES;
				CLANG_WARN_INT_CONVERSION = YES;
				CLANG_WARN_NON_LITERAL_NULL_CONVERSION = YES;
				CLANG_WARN_OBJC_LITERAL_CONVERSION = YES;
				CLANG_WARN_OBJC_ROOT_CLASS = YES_ERROR;
				CLANG_WARN_RANGE_LOOP_ANALYSIS = YES;
				CLANG_WARN_STRICT_PROTOTYPES = YES;
				CLANG_WARN_SUSPICIOUS_MOVE = YES;
				CLANG_WARN_UNGUARDED_AVAILABILITY = YES_AGGRESSIVE;
				CLANG_WARN_UNREACHABLE_CODE = YES;
				CLANG_WARN__DUPLICATE_METHOD_MATCH = YES;
				CODE_SIGN_IDENTITY = "iPhone Developer";
				COPY_PHASE_STRIP = NO;
				DEBUG_INFORMATION_FORMAT = dwarf;
				ENABLE_STRICT_OBJC_MSGSEND = YES;
				ENABLE_TESTABILITY = YES;
				GCC_C_LANGUAGE_STANDARD = gnu11;
				GCC_DYNAMIC_NO_PIC = NO;
				GCC_NO_COMMON_BLOCKS = YES;
				GCC_OPTIMIZATION_LEVEL = 0;
				GCC_PREPROCESSOR_DEFINITIONS = (
					"DEBUG=1",
					"$(inherited)",
				);
				GCC_WARN_64_TO_32_BIT_CONVERSION = YES;
				GCC_WARN_ABOUT_RETURN_TYPE = YES_ERROR;
				GCC_WARN_UNDECLARED_SELECTOR = YES;
				GCC_WARN_UNINITIALIZED_AUTOS = YES_AGGRESSIVE;
				GCC_WARN_UNUSED_FUNCTION = YES;
				GCC_WARN_UNUSED_VARIABLE = YES;
				IPHONEOS_DEPLOYMENT_TARGET = 11.0;
				MTL_ENABLE_DEBUG_INFO = YES;
				ONLY_ACTIVE_ARCH = YES;
				SDKROOT = iphoneos;
			};
			name = Debug;
		};
		74B3D8001FA7F85100FAC105 /* Release */ = {
			isa = XCBuildConfiguration;
			buildSettings = {
				ALWAYS_SEARCH_USER_PATHS = NO;
				CLANG_ANALYZER_NONNULL = YES;
				CLANG_ANALYZER_NUMBER_OBJECT_CONVERSION = YES_AGGRESSIVE;
				CLANG_CXX_LANGUAGE_STANDARD = "gnu++14";
				CLANG_CXX_LIBRARY = "libc++";
				CLANG_ENABLE_MODULES = YES;
				CLANG_ENABLE_OBJC_ARC = YES;
				CLANG_WARN_BLOCK_CAPTURE_AUTORELEASING = YES;
				CLANG_WARN_BOOL_CONVERSION = YES;
				CLANG_WARN_COMMA = YES;
				CLANG_WARN_CONSTANT_CONVERSION = YES;
				CLANG_WARN_DIRECT_OBJC_ISA_USAGE = YES_ERROR;
				CLANG_WARN_DOCUMENTATION_COMMENTS = YES;
				CLANG_WARN_EMPTY_BODY = YES;
				CLANG_WARN_ENUM_CONVERSION = YES;
				CLANG_WARN_INFINITE_RECURSION = YES;
				CLANG_WARN_INT_CONVERSION = YES;
				CLANG_WARN_NON_LITERAL_NULL_CONVERSION = YES;
				CLANG_WARN_OBJC_LITERAL_CONVERSION = YES;
				CLANG_WARN_OBJC_ROOT_CLASS = YES_ERROR;
				CLANG_WARN_RANGE_LOOP_ANALYSIS = YES;
				CLANG_WARN_STRICT_PROTOTYPES = YES;
				CLANG_WARN_SUSPICIOUS_MOVE = YES;
				CLANG_WARN_UNGUARDED_AVAILABILITY = YES_AGGRESSIVE;
				CLANG_WARN_UNREACHABLE_CODE = YES;
				CLANG_WARN__DUPLICATE_METHOD_MATCH = YES;
				CODE_SIGN_IDENTITY = "iPhone Developer";
				COPY_PHASE_STRIP = NO;
				DEBUG_INFORMATION_FORMAT = "dwarf-with-dsym";
				ENABLE_NS_ASSERTIONS = NO;
				ENABLE_STRICT_OBJC_MSGSEND = YES;
				GCC_C_LANGUAGE_STANDARD = gnu11;
				GCC_NO_COMMON_BLOCKS = YES;
				GCC_WARN_64_TO_32_BIT_CONVERSION = YES;
				GCC_WARN_ABOUT_RETURN_TYPE = YES_ERROR;
				GCC_WARN_UNDECLARED_SELECTOR = YES;
				GCC_WARN_UNINITIALIZED_AUTOS = YES_AGGRESSIVE;
				GCC_WARN_UNUSED_FUNCTION = YES;
				GCC_WARN_UNUSED_VARIABLE = YES;
				IPHONEOS_DEPLOYMENT_TARGET = 11.0;
				MTL_ENABLE_DEBUG_INFO = NO;
				SDKROOT = iphoneos;
				VALIDATE_PRODUCT = YES;
			};
			name = Release;
		};
		74B3D8021FA7F85100FAC105 /* Debug */ = {
			isa = XCBuildConfiguration;
			buildSettings = {
				ASSETCATALOG_COMPILER_APPICON_NAME = AppIcon;
				CODE_SIGN_STYLE = Automatic;
				DEVELOPMENT_TEAM = MRVYXC2HHB;
				INFOPLIST_FILE = PGGCarousel/Info.plist;
				LD_RUNPATH_SEARCH_PATHS = "$(inherited) @executable_path/Frameworks";
				PRODUCT_BUNDLE_IDENTIFIER = com.penggege.PGGCarousel;
				PRODUCT_NAME = "$(TARGET_NAME)";
				TARGETED_DEVICE_FAMILY = "1,2";
			};
			name = Debug;
		};
		74B3D8031FA7F85100FAC105 /* Release */ = {
			isa = XCBuildConfiguration;
			buildSettings = {
				ASSETCATALOG_COMPILER_APPICON_NAME = AppIcon;
				CODE_SIGN_STYLE = Automatic;
				DEVELOPMENT_TEAM = MRVYXC2HHB;
				INFOPLIST_FILE = PGGCarousel/Info.plist;
				LD_RUNPATH_SEARCH_PATHS = "$(inherited) @executable_path/Frameworks";
				PRODUCT_BUNDLE_IDENTIFIER = com.penggege.PGGCarousel;
				PRODUCT_NAME = "$(TARGET_NAME)";
				TARGETED_DEVICE_FAMILY = "1,2";
			};
			name = Release;
		};
		74B3D8051FA7F85100FAC105 /* Debug */ = {
			isa = XCBuildConfiguration;
			buildSettings = {
				BUNDLE_LOADER = "$(TEST_HOST)";
				CODE_SIGN_STYLE = Automatic;
				DEVELOPMENT_TEAM = MRVYXC2HHB;
				INFOPLIST_FILE = PGGCarouselTests/Info.plist;
				LD_RUNPATH_SEARCH_PATHS = "$(inherited) @executable_path/Frameworks @loader_path/Frameworks";
				PRODUCT_BUNDLE_IDENTIFIER = com.penggege.PGGCarouselTests;
				PRODUCT_NAME = "$(TARGET_NAME)";
				TARGETED_DEVICE_FAMILY = "1,2";
				TEST_HOST = "$(BUILT_PRODUCTS_DIR)/PGGCarousel.app/PGGCarousel";
			};
			name = Debug;
		};
		74B3D8061FA7F85100FAC105 /* Release */ = {
			isa = XCBuildConfiguration;
			buildSettings = {
				BUNDLE_LOADER = "$(TEST_HOST)";
				CODE_SIGN_STYLE = Automatic;
				DEVELOPMENT_TEAM = MRVYXC2HHB;
				INFOPLIST_FILE = PGGCarouselTests/Info.plist;
				LD_RUNPATH_SEARCH_PATHS = "$(inherited) @executable_path/Frameworks @loader_path/Frameworks";
				PRODUCT_BUNDLE_IDENTIFIER = com.penggege.PGGCarouselTests;
				PRODUCT_NAME = "$(TARGET_NAME)";
				TARGETED_DEVICE_FAMILY = "1,2";
				TEST_HOST = "$(BUILT_PRODUCTS_DIR)/PGGCarousel.app/PGGCarousel";
			};
			name = Release;
		};
		74B3D8081FA7F85100FAC105 /* Debug */ = {
			isa = XCBuildConfiguration;
			buildSettings = {
				CODE_SIGN_STYLE = Automatic;
				DEVELOPMENT_TEAM = MRVYXC2HHB;
				INFOPLIST_FILE = PGGCarouselUITests/Info.plist;
				LD_RUNPATH_SEARCH_PATHS = "$(inherited) @executable_path/Frameworks @loader_path/Frameworks";
				PRODUCT_BUNDLE_IDENTIFIER = com.penggege.PGGCarouselUITests;
				PRODUCT_NAME = "$(TARGET_NAME)";
				TARGETED_DEVICE_FAMILY = "1,2";
				TEST_TARGET_NAME = PGGCarousel;
			};
			name = Debug;
		};
		74B3D8091FA7F85100FAC105 /* Release */ = {
			isa = XCBuildConfiguration;
			buildSettings = {
				CODE_SIGN_STYLE = Automatic;
				DEVELOPMENT_TEAM = MRVYXC2HHB;
				INFOPLIST_FILE = PGGCarouselUITests/Info.plist;
				LD_RUNPATH_SEARCH_PATHS = "$(inherited) @executable_path/Frameworks @loader_path/Frameworks";
				PRODUCT_BUNDLE_IDENTIFIER = com.penggege.PGGCarouselUITests;
				PRODUCT_NAME = "$(TARGET_NAME)";
				TARGETED_DEVICE_FAMILY = "1,2";
				TEST_TARGET_NAME = PGGCarousel;
			};
			name = Release;
		};
/* End XCBuildConfiguration section */

/* Begin XCConfigurationList section */
		74B3D7D01FA7F85100FAC105 /* Build configuration list for PBXProject "PGGCarousel" */ = {
			isa = XCConfigurationList;
			buildConfigurations = (
				74B3D7FF1FA7F85100FAC105 /* Debug */,
				74B3D8001FA7F85100FAC105 /* Release */,
			);
			defaultConfigurationIsVisible = 0;
			defaultConfigurationName = Release;
		};
		74B3D8011FA7F85100FAC105 /* Build configuration list for PBXNativeTarget "PGGCarousel" */ = {
			isa = XCConfigurationList;
			buildConfigurations = (
				74B3D8021FA7F85100FAC105 /* Debug */,
				74B3D8031FA7F85100FAC105 /* Release */,
			);
			defaultConfigurationIsVisible = 0;
			defaultConfigurationName = Release;
		};
		74B3D8041FA7F85100FAC105 /* Build configuration list for PBXNativeTarget "PGGCarouselTests" */ = {
			isa = XCConfigurationList;
			buildConfigurations = (
				74B3D8051FA7F85100FAC105 /* Debug */,
				74B3D8061FA7F85100FAC105 /* Release */,
			);
			defaultConfigurationIsVisible = 0;
			defaultConfigurationName = Release;
		};
		74B3D8071FA7F85100FAC105 /* Build configuration list for PBXNativeTarget "PGGCarouselUITests" */ = {
			isa = XCConfigurationList;
			buildConfigurations = (
				74B3D8081FA7F85100FAC105 /* Debug */,
				74B3D8091FA7F85100FAC105 /* Release */,
			);
			defaultConfigurationIsVisible = 0;
			defaultConfigurationName = Release;
		};
/* End XCConfigurationList section */
	};
	rootObject = 74B3D7CD1FA7F85100FAC105 /* Project object */;
}
